{
  "version": 4,
  "terraform_version": "1.4.5",
  "serial": 11,
  "lineage": "5455e685-300f-0f75-44f0-971c71a63d0a",
  "outputs": {},
  "resources": [
    {
      "mode": "managed",
      "type": "github_repository",
      "name": "terraform_second_repo",
      "provider": "provider[\"registry.terraform.io/hashicorp/github\"]",
      "instances": [
        {
          "schema_version": 1,
          "attributes": {
            "allow_auto_merge": false,
            "allow_merge_commit": true,
            "allow_rebase_merge": true,
            "allow_squash_merge": true,
            "allow_update_branch": false,
            "archive_on_destroy": null,
            "archived": false,
            "auto_init": true,
            "default_branch": "main",
            "delete_branch_on_merge": false,
            "description": "My awesome Terraform codebase",
            "etag": "W/\"3840f60c8e7254a9b9775ecc066e70e4c06a33f5fe43ace68388ad3c79afc14d\"",
            "full_name": "Rkssh/Second_Demo_repo_from_terraform",
            "git_clone_url": "git://github.com/Rkssh/Second_Demo_repo_from_terraform.git",
            "gitignore_template": null,
            "has_discussions": false,
            "has_downloads": false,
            "has_issues": false,
            "has_projects": false,
            "has_wiki": false,
            "homepage_url": "",
            "html_url": "https://github.com/Rkssh/Second_Demo_repo_from_terraform",
            "http_clone_url": "https://github.com/Rkssh/Second_Demo_repo_from_terraform.git",
            "id": "Second_Demo_repo_from_terraform",
            "ignore_vulnerability_alerts_during_read": null,
            "is_template": false,
            "license_template": null,
            "merge_commit_message": "PR_TITLE",
            "merge_commit_title": "MERGE_MESSAGE",
            "name": "Second_Demo_repo_from_terraform",
            "node_id": "R_kgDOJapNhA",
            "pages": [],
            "private": false,
            "repo_id": 631917956,
            "security_and_analysis": [
              {
                "advanced_security": [],
                "secret_scanning": [
                  {
                    "status": "disabled"
                  }
                ],
                "secret_scanning_push_protection": [
                  {
                    "status": "disabled"
                  }
                ]
              }
            ],
            "squash_merge_commit_message": "COMMIT_MESSAGES",
            "squash_merge_commit_title": "COMMIT_OR_PR_TITLE",
            "ssh_clone_url": "git@github.com:Rkssh/Second_Demo_repo_from_terraform.git",
            "svn_url": "https://github.com/Rkssh/Second_Demo_repo_from_terraform",
            "template": [],
            "topics": null,
            "visibility": "public",
            "vulnerability_alerts": false
          },
          "sensitive_attributes": [],
          "private": "eyJzY2hlbWFfdmVyc2lvbiI6IjEifQ=="
        }
      ]
    }
  ],
  "check_results": null
}
